// !$*UTF8*$!
{
	archiveVersion = 1;
	classes = {
	};
	objectVersion = 46;
	objects = {

/* Begin PBXBuildFile section */
		E9E0571D19F7E59700749E51 /* AppDelegate.m in Sources */ = {isa = PBXBuildFile; fileRef = E9E0571C19F7E59700749E51 /* AppDelegate.m */; };
		E9E0571F19F7E59700749E51 /* main.m in Sources */ = {isa = PBXBuildFile; fileRef = E9E0571E19F7E59700749E51 /* main.m */; };
		E9E0572219F7E59700749E51 /* ViewController.m in Sources */ = {isa = PBXBuildFile; fileRef = E9E0572119F7E59700749E51 /* ViewController.m */; };
		E9E0572419F7E59700749E51 /* Images.xcassets in Resources */ = {isa = PBXBuildFile; fileRef = E9E0572319F7E59700749E51 /* Images.xcassets */; };
		E9E0572719F7E59700749E51 /* Main.storyboard in Resources */ = {isa = PBXBuildFile; fileRef = E9E0572519F7E59700749E51 /* Main.storyboard */; };
		E9E0573319F7E59700749E51 /* testTests.m in Sources */ = {isa = PBXBuildFile; fileRef = E9E0573219F7E59700749E51 /* testTests.m */; };
/* End PBXBuildFile section */

/* Begin PBXContainerItemProxy section */
		E9E0572D19F7E59700749E51 /* PBXContainerItemProxy */ = {
			isa = PBXContainerItemProxy;
			containerPortal = E9E0570E19F7E59600749E51 /* Project object */;
			proxyType = 1;
			remoteGlobalIDString = E9E0571519F7E59600749E51;
			remoteInfo = test;
		};
/* End PBXContainerItemProxy section */

/* Begin PBXFileReference section */
		E9E0571619F7E59700749E51 /* test.app */ = {isa = PBXFileReference; explicitFileType = wrapper.application; includeInIndex = 0; path = test.app; sourceTree = BUILT_PRODUCTS_DIR; };
		E9E0571A19F7E59700749E51 /* Info.plist */ = {isa = PBXFileReference; lastKnownFileType = text.plist.xml; path = Info.plist; sourceTree = "<group>"; };
		E9E0571B19F7E59700749E51 /* AppDelegate.h */ = {isa = PBXFileReference; lastKnownFileType = sourcecode.c.h; path = AppDelegate.h; sourceTree = "<group>"; };
		E9E0571C19F7E59700749E51 /* AppDelegate.m */ = {isa = PBXFileReference; lastKnownFileType = sourcecode.c.objc; path = AppDelegate.m; sourceTree = "<group>"; };
		E9E0571E19F7E59700749E51 /* main.m */ = {isa = PBXFileReference; lastKnownFileType = sourcecode.c.objc; path = main.m; sourceTree = "<group>"; };
		E9E0572019F7E59700749E51 /* ViewController.h */ = {isa = PBXFileReference; lastKnownFileType = sourcecode.c.h; path = ViewController.h; sourceTree = "<group>"; };
		E9E0572119F7E59700749E51 /* ViewController.m */ = {isa = PBXFileReference; lastKnownFileType = sourcecode.c.objc; path = ViewController.m; sourceTree = "<group>"; };
		E9E0572319F7E59700749E51 /* Images.xcassets */ = {isa = PBXFileReference; lastKnownFileType = folder.assetcatalog; path = Images.xcassets; sourceTree = "<group>"; };
		E9E0572619F7E59700749E51 /* Base */ = {isa = PBXFileReference; lastKnownFileType = file.storyboard; name = Base; path = Base.lproj/Main.storyboard; sourceTree = "<group>"; };
		E9E0572C19F7E59700749E51 /* testTests.xctest */ = {isa = PBXFileReference; explicitFileType = wrapper.cfbundle; includeInIndex = 0; path = testTests.xctest; sourceTree = BUILT_PRODUCTS_DIR; };
		E9E0573119F7E59700749E51 /* Info.plist */ = {isa = PBXFileReference; lastKnownFileType = text.plist.xml; path = Info.plist; sourceTree = "<group>"; };
		E9E0573219F7E59700749E51 /* testTests.m */ = {isa = PBXFileReference; lastKnownFileType = sourcecode.c.objc; path = testTests.m; sourceTree = "<group>"; };
/* End PBXFileReference section */

/* Begin PBXFrameworksBuildPhase section */
		E9E0571319F7E59600749E51 /* Frameworks */ = {
			isa = PBXFrameworksBuildPhase;
			buildActionMask = 2147483647;
			files = (
			);
			runOnlyForDeploymentPostprocessing = 0;
		};
		E9E0572919F7E59700749E51 /* Frameworks */ = {
			isa = PBXFrameworksBuildPhase;
			buildActionMask = 2147483647;
			files = (
			);
			runOnlyForDeploymentPostprocessing = 0;
		};
/* End PBXFrameworksBuildPhase section */

/* Begin PBXGroup section */
		E9E0570D19F7E59600749E51 = {
			isa = PBXGroup;
			children = (
				E9E0571819F7E59700749E51 /* test */,
				E9E0572F19F7E59700749E51 /* testTests */,
				E9E0571719F7E59700749E51 /* Products */,
			);
			sourceTree = "<group>";
		};
		E9E0571719F7E59700749E51 /* Products */ = {
			isa = PBXGroup;
			children = (
				E9E0571619F7E59700749E51 /* test.app */,
				E9E0572C19F7E59700749E51 /* testTests.xctest */,
			);
			name = Products;
			sourceTree = "<group>";
		};
		E9E0571819F7E59700749E51 /* test */ = {
			isa = PBXGroup;
			children = (
				E9E0571B19F7E59700749E51 /* AppDelegate.h */,
				E9E0571C19F7E59700749E51 /* AppDelegate.m */,
				E9E0572019F7E59700749E51 /* ViewController.h */,
				E9E0572119F7E59700749E51 /* ViewController.m */,
				E9E0572319F7E59700749E51 /* Images.xcassets */,
				E9E0572519F7E59700749E51 /* Main.storyboard */,
				E9E0571919F7E59700749E51 /* Supporting Files */,
			);
			path = test;
			sourceTree = "<group>";
		};
		E9E0571919F7E59700749E51 /* Supporting Files */ = {
			isa = PBXGroup;
			children = (
				E9E0571A19F7E59700749E51 /* Info.plist */,
				E9E0571E19F7E59700749E51 /* main.m */,
			);
			name = "Supporting Files";
			sourceTree = "<group>";
		};
		E9E0572F19F7E59700749E51 /* testTests */ = {
			isa = PBXGroup;
			children = (
				E9E0573219F7E59700749E51 /* testTests.m */,
				E9E0573019F7E59700749E51 /* Supporting Files */,
			);
			path = testTests;
			sourceTree = "<group>";
		};
		E9E0573019F7E59700749E51 /* Supporting Files */ = {
			isa = PBXGroup;
			children = (
				E9E0573119F7E59700749E51 /* Info.plist */,
			);
			name = "Supporting Files";
			sourceTree = "<group>";
		};
/* End PBXGroup section */

/* Begin PBXNativeTarget section */
		E9E0571519F7E59600749E51 /* test */ = {
			isa = PBXNativeTarget;
			buildConfigurationList = E9E0573619F7E59700749E51 /* Build configuration list for PBXNativeTarget "test" */;
			buildPhases = (
				E9E0571219F7E59600749E51 /* Sources */,
				E9E0571319F7E59600749E51 /* Frameworks */,
				E9E0571419F7E59600749E51 /* Resources */,
			);
			buildRules = (
			);
			dependencies = (
			);
			name = test;
			productName = test;
			productReference = E9E0571619F7E59700749E51 /* test.app */;
			productType = "com.apple.product-type.application";
		};
		E9E0572B19F7E59700749E51 /* testTests */ = {
			isa = PBXNativeTarget;
			buildConfigurationList = E9E0573919F7E59700749E51 /* Build configuration list for PBXNativeTarget "testTests" */;
			buildPhases = (
				E9E0572819F7E59700749E51 /* Sources */,
				E9E0572919F7E59700749E51 /* Frameworks */,
				E9E0572A19F7E59700749E51 /* Resources */,
			);
			buildRules = (
			);
			dependencies = (
				E9E0572E19F7E59700749E51 /* PBXTargetDependency */,
			);
			name = testTests;
			productName = testTests;
			productReference = E9E0572C19F7E59700749E51 /* testTests.xctest */;
			productType = "com.apple.product-type.bundle.unit-test";
		};
/* End PBXNativeTarget section */

/* Begin PBXProject section */
		E9E0570E19F7E59600749E51 /* Project object */ = {
			isa = PBXProject;
			attributes = {
				LastUpgradeCheck = 0610;
				ORGANIZATIONNAME = "曹润";
				TargetAttributes = {
					E9E0571519F7E59600749E51 = {
						CreatedOnToolsVersion = 6.1;
					};
					E9E0572B19F7E59700749E51 = {
						CreatedOnToolsVersion = 6.1;
						TestTargetID = E9E0571519F7E59600749E51;
					};
				};
			};
			buildConfigurationList = E9E0571119F7E59600749E51 /* Build configuration list for PBXProject "test" */;
			compatibilityVersion = "Xcode 3.2";
			developmentRegion = English;
			hasScannedForEncodings = 0;
			knownRegions = (
				en,
				Base,
			);
			mainGroup = E9E0570D19F7E59600749E51;
			productRefGroup = E9E0571719F7E59700749E51 /* Products */;
			projectDirPath = "";
			projectRoot = "";
			targets = (
				E9E0571519F7E59600749E51 /* test */,
				E9E0572B19F7E59700749E51 /* testTests */,
			);
		};
/* End PBXProject section */

/* Begin PBXResourcesBuildPhase section */
		E9E0571419F7E59600749E51 /* Resources */ = {
			isa = PBXResourcesBuildPhase;
			buildActionMask = 2147483647;
			files = (
				E9E0572419F7E59700749E51 /* Images.xcassets in Resources */,
				E9E0572719F7E59700749E51 /* Main.storyboard in Resources */,
			);
			runOnlyForDeploymentPostprocessing = 0;
		};
		E9E0572A19F7E59700749E51 /* Resources */ = {
			isa = PBXResourcesBuildPhase;
			buildActionMask = 2147483647;
			files = (
			);
			runOnlyForDeploymentPostprocessing = 0;
		};
/* End PBXResourcesBuildPhase section */

/* Begin PBXSourcesBuildPhase section */
		E9E0571219F7E59600749E51 /* Sources */ = {
			isa = PBXSourcesBuildPhase;
			buildActionMask = 2147483647;
			files = (
				E9E0572219F7E59700749E51 /* ViewController.m in Sources */,
				E9E0571F19F7E59700749E51 /* main.m in Sources */,
				E9E0571D19F7E59700749E51 /* AppDelegate.m in Sources */,
			);
			runOnlyForDeploymentPostprocessing = 0;
		};
		E9E0572819F7E59700749E51 /* Sources */ = {
			isa = PBXSourcesBuildPhase;
			buildActionMask = 2147483647;
			files = (
				E9E0573319F7E59700749E51 /* testTests.m in Sources */,
			);
			runOnlyForDeploymentPostprocessing = 0;
		};
/* End PBXSourcesBuildPhase section */

/* Begin PBXTargetDependency section */
		E9E0572E19F7E59700749E51 /* PBXTargetDependency */ = {
			isa = PBXTargetDependency;
			target = E9E0571519F7E59600749E51 /* test */;
			targetProxy = E9E0572D19F7E59700749E51 /* PBXContainerItemProxy */;
		};
/* End PBXTargetDependency section */

/* Begin PBXVariantGroup section */
		E9E0572519F7E59700749E51 /* Main.storyboard */ = {
			isa = PBXVariantGroup;
			children = (
				E9E0572619F7E59700749E51 /* Base */,
			);
			name = Main.storyboard;
			sourceTree = "<group>";
		};
/* End PBXVariantGroup section */

/* Begin XCBuildConfiguration section */
		E9E0573419F7E59700749E51 /* Debug */ = {
			isa = XCBuildConfiguration;
			buildSettings = {
				ALWAYS_SEARCH_USER_PATHS = NO;
				CLANG_CXX_LANGUAGE_STANDARD = "gnu++0x";
				CLANG_CXX_LIBRARY = "libc++";
				CLANG_ENABLE_MODULES = YES;
				CLANG_ENABLE_OBJC_ARC = YES;
				CLANG_WARN_BOOL_CONVERSION = YES;
				CLANG_WARN_CONSTANT_CONVERSION = YES;
				CLANG_WARN_DIRECT_OBJC_ISA_USAGE = YES_ERROR;
				CLANG_WARN_EMPTY_BODY = YES;
				CLANG_WARN_ENUM_CONVERSION = YES;
				CLANG_WARN_INT_CONVERSION = YES;
				CLANG_WARN_OBJC_ROOT_CLASS = YES_ERROR;
				CLANG_WARN_UNREACHABLE_CODE = YES;
				CLANG_WARN__DUPLICATE_METHOD_MATCH = YES;
				CODE_SIGN_IDENTITY = "-";
				COPY_PHASE_STRIP = NO;
				ENABLE_STRICT_OBJC_MSGSEND = YES;
				GCC_C_LANGUAGE_STANDARD = gnu99;
				GCC_DYNAMIC_NO_PIC = NO;
				GCC_OPTIMIZATION_LEVEL = 0;
				GCC_PREPROCESSOR_DEFINITIONS = (
					"DEBUG=1",
					"$(inherited)",
				);
				GCC_SYMBOLS_PRIVATE_EXTERN = NO;
				GCC_WARN_64_TO_32_BIT_CONVERSION = YES;
				GCC_WARN_ABOUT_RETURN_TYPE = YES_ERROR;
				GCC_WARN_UNDECLARED_SELECTOR = YES;
				GCC_WARN_UNINITIALIZED_AUTOS = YES_AGGRESSIVE;
				GCC_WARN_UNUSED_FUNCTION = YES;
				GCC_WARN_UNUSED_VARIABLE = YES;
				MACOSX_DEPLOYMENT_TARGET = 10.10;
				MTL_ENABLE_DEBUG_INFO = YES;
				ONLY_ACTIVE_ARCH = YES;
				SDKROOT = macosx;
			};
			name = Debug;
		};
		E9E0573519F7E59700749E51 /* Release */ = {
			isa = XCBuildConfiguration;
			buildSettings = {
				ALWAYS_SEARCH_USER_PATHS = NO;
				CLANG_CXX_LANGUAGE_STANDARD = "gnu++0x";
				CLANG_CXX_LIBRARY = "libc++";
				CLANG_ENABLE_MODULES = YES;
				CLANG_ENABLE_OBJC_ARC = YES;
				CLANG_WARN_BOOL_CONVERSION = YES;
				CLANG_WARN_CONSTANT_CONVERSION = YES;
				CLANG_WARN_DIRECT_OBJC_ISA_USAGE = YES_ERROR;
				CLANG_WARN_EMPTY_BODY = YES;
				CLANG_WARN_ENUM_CONVERSION = YES;
				CLANG_WARN_INT_CONVERSION = YES;
				CLANG_WARN_OBJC_ROOT_CLASS = YES_ERROR;
				CLANG_WARN_UNREACHABLE_CODE = YES;
				CLANG_WARN__DUPLICATE_METHOD_MATCH = YES;
				CODE_SIGN_IDENTITY = "-";
				COPY_PHASE_STRIP = YES;
				DEBUG_INFORMATION_FORMAT = "dwarf-with-dsym";
				ENABLE_NS_ASSERTIONS = NO;
				ENABLE_STRICT_OBJC_MSGSEND = YES;
				GCC_C_LANGUAGE_STANDARD = gnu99;
				GCC_WARN_64_TO_32_BIT_CONVERSION = YES;
				GCC_WARN_ABOUT_RETURN_TYPE = YES_ERROR;
				GCC_WARN_UNDECLARED_SELECTOR = YES;
				GCC_WARN_UNINITIALIZED_AUTOS = YES_AGGRESSIVE;
				GCC_WARN_UNUSED_FUNCTION = YES;
				GCC_WARN_UNUSED_VARIABLE = YES;
				MACOSX_DEPLOYMENT_TARGET = 10.10;
				MTL_ENABLE_DEBUG_INFO = NO;
				SDKROOT = macosx;
			};
			name = Release;
		};
		E9E0573719F7E59700749E51 /* Debug */ = {
			isa = XCBuildConfiguration;
			buildSettings = {
				ASSETCATALOG_COMPILER_APPICON_NAME = AppIcon;
				COMBINE_HIDPI_IMAGES = YES;
				INFOPLIST_FILE = test/Info.plist;
				LD_RUNPATH_SEARCH_PATHS = "$(inherited) @executable_path/../Frameworks";
				PRODUCT_NAME = "$(TARGET_NAME)";
			};
			name = Debug;
		};
		E9E0573819F7E59700749E51 /* Release */ = {
			isa = XCBuildConfiguration;
			buildSettings = {
				ASSETCATALOG_COMPILER_APPICON_NAME = AppIcon;
				COMBINE_HIDPI_IMAGES = YES;
				INFOPLIST_FILE = test/Info.plist;
				LD_RUNPATH_SEARCH_PATHS = "$(inherited) @executable_path/../Frameworks";
				PRODUCT_NAME = "$(TARGET_NAME)";
			};
			name = Release;
		};
		E9E0573A19F7E59700749E51 /* Debug */ = {
			isa = XCBuildConfiguration;
			buildSettings = {
				BUNDLE_LOADER = "$(TEST_HOST)";
				COMBINE_HIDPI_IMAGES = YES;
				FRAMEWORK_SEARCH_PATHS = (
					"$(DEVELOPER_FRAMEWORKS_DIR)",
					"$(inherited)",
				);
				GCC_PREPROCESSOR_DEFINITIONS = (
					"DEBUG=1",
					"$(inherited)",
				);
				INFOPLIST_FILE = testTests/Info.plist;
				LD_RUNPATH_SEARCH_PATHS = "$(inherited) @executable_path/../Frameworks @loader_path/../Frameworks";
				PRODUCT_NAME = "$(TARGET_NAME)";
				TEST_HOST = "$(BUILT_PRODUCTS_DIR)/test.app/Contents/MacOS/test";
			};
			name = Debug;
		};
		E9E0573B19F7E59700749E51 /* Release */ = {
			isa = XCBuildConfiguration;
			buildSettings = {
				BUNDLE_LOADER = "$(TEST_HOST)";
				COMBINE_HIDPI_IMAGES = YES;
				FRAMEWORK_SEARCH_PATHS = (
					"$(DEVELOPER_FRAMEWORKS_DIR)",
					"$(inherited)",
				);
				INFOPLIST_FILE = testTests/Info.plist;
				LD_RUNPATH_SEARCH_PATHS = "$(inherited) @executable_path/../Frameworks @loader_path/../Frameworks";
				PRODUCT_NAME = "$(TARGET_NAME)";
				TEST_HOST = "$(BUILT_PRODUCTS_DIR)/test.app/Contents/MacOS/test";
			};
			name = Release;
		};
/* End XCBuildConfiguration section */

/* Begin XCConfigurationList section */
		E9E0571119F7E59600749E51 /* Build configuration list for PBXProject "test" */ = {
			isa = XCConfigurationList;
			buildConfigurations = (
				E9E0573419F7E59700749E51 /* Debug */,
				E9E0573519F7E59700749E51 /* Release */,
			);
			defaultConfigurationIsVisible = 0;
			defaultConfigurationName = Release;
		};
		E9E0573619F7E59700749E51 /* Build configuration list for PBXNativeTarget "test" */ = {
			isa = XCConfigurationList;
			buildConfigurations = (
				E9E0573719F7E59700749E51 /* Debug */,
				E9E0573819F7E59700749E51 /* Release */,
			);
			defaultConfigurationIsVisible = 0;
		};
		E9E0573919F7E59700749E51 /* Build configuration list for PBXNativeTarget "testTests" */ = {
			isa = XCConfigurationList;
			buildConfigurations = (
				E9E0573A19F7E59700749E51 /* Debug */,
				E9E0573B19F7E59700749E51 /* Release */,
			);
			defaultConfigurationIsVisible = 0;
		};
/* End XCConfigurationList section */
	};
	rootObject = E9E0570E19F7E59600749E51 /* Project object */;
}
